
Microsoft Visual Studio Solution File, Format Version 12.00
# Visual Studio Version 17
VisualStudioVersion = 17.2.32505.173
MinimumVisualStudioVersion = 10.0.40219.1
Project("{FAE04EC0-301F-11D3-BF4B-00C04F79EFBC}") = "Assesstment.Android", "Assesstment\Assesstment.Android\Assesstment.Android.csproj", "{60555748-3D2D-4660-BDE7-5BD91E95F59D}"
EndProject
Project("{FAE04EC0-301F-11D3-BF4B-00C04F79EFBC}") = "Assesstment.iOS", "Assesstment\Assesstment.iOS\Assesstment.iOS.csproj", "{147C0DB0-6B7A-47F5-B408-353693938C08}"
EndProject
Project("{FAE04EC0-301F-11D3-BF4B-00C04F79EFBC}") = "Assesstment", "Assesstment\Assesstment\Assesstment.csproj", "{544BDC35-1EE8-48B4-A910-598DBB7D1C26}"
EndProject
Global
	GlobalSection(SolutionConfigurationPlatforms) = preSolution
		Debug|Any CPU = Debug|Any CPU
		Debug|iPhone = Debug|iPhone
		Debug|iPhoneSimulator = Debug|iPhoneSimulator
		Release|Any CPU = Release|Any CPU
		Release|iPhone = Release|iPhone
		Release|iPhoneSimulator = Release|iPhoneSimulator
	EndGlobalSection
	GlobalSection(ProjectConfigurationPlatforms) = postSolution
		{60555748-3D2D-4660-BDE7-5BD91E95F59D}.Debug|Any CPU.ActiveCfg = Debug|Any CPU
		{60555748-3D2D-4660-BDE7-5BD91E95F59D}.Debug|Any CPU.Build.0 = Debug|Any CPU
		{60555748-3D2D-4660-BDE7-5BD91E95F59D}.Debug|Any CPU.Deploy.0 = Debug|Any CPU
		{60555748-3D2D-4660-BDE7-5BD91E95F59D}.Debug|iPhone.ActiveCfg = Debug|Any CPU
		{60555748-3D2D-4660-BDE7-5BD91E95F59D}.Debug|iPhone.Build.0 = Debug|Any CPU
		{60555748-3D2D-4660-BDE7-5BD91E95F59D}.Debug|iPhone.Deploy.0 = Debug|Any CPU
		{60555748-3D2D-4660-BDE7-5BD91E95F59D}.Debug|iPhoneSimulator.ActiveCfg = Debug|Any CPU
		{60555748-3D2D-4660-BDE7-5BD91E95F59D}.Debug|iPhoneSimulator.Build.0 = Debug|Any CPU
		{60555748-3D2D-4660-BDE7-5BD91E95F59D}.Debug|iPhoneSimulator.Deploy.0 = Debug|Any CPU
		{60555748-3D2D-4660-BDE7-5BD91E95F59D}.Release|Any CPU.ActiveCfg = Release|Any CPU
		{60555748-3D2D-4660-BDE7-5BD91E95F59D}.Release|Any CPU.Build.0 = Release|Any CPU
		{60555748-3D2D-4660-BDE7-5BD91E95F59D}.Release|Any CPU.Deploy.0 = Release|Any CPU
		{60555748-3D2D-4660-BDE7-5BD91E95F59D}.Release|iPhone.ActiveCfg = Release|Any CPU
		{60555748-3D2D-4660-BDE7-5BD91E95F59D}.Release|iPhone.Build.0 = Release|Any CPU
		{60555748-3D2D-4660-BDE7-5BD91E95F59D}.Release|iPhone.Deploy.0 = Release|Any CPU
		{60555748-3D2D-4660-BDE7-5BD91E95F59D}.Release|iPhoneSimulator.ActiveCfg = Release|Any CPU
		{60555748-3D2D-4660-BDE7-5BD91E95F59D}.Release|iPhoneSimulator.Build.0 = Release|Any CPU
		{60555748-3D2D-4660-BDE7-5BD91E95F59D}.Release|iPhoneSimulator.Deploy.0 = Release|Any CPU
		{147C0DB0-6B7A-47F5-B408-353693938C08}.Debug|Any CPU.ActiveCfg = Debug|iPhone
		{147C0DB0-6B7A-47F5-B408-353693938C08}.Debug|Any CPU.Build.0 = Debug|iPhone
		{147C0DB0-6B7A-47F5-B408-353693938C08}.Debug|Any CPU.Deploy.0 = Debug|iPhone
		{147C0DB0-6B7A-47F5-B408-353693938C08}.Debug|iPhone.ActiveCfg = Debug|iPhone
		{147C0DB0-6B7A-47F5-B408-353693938C08}.Debug|iPhone.Build.0 = Debug|iPhone
		{147C0DB0-6B7A-47F5-B408-353693938C08}.Debug|iPhone.Deploy.0 = Debug|iPhone
		{147C0DB0-6B7A-47F5-B408-353693938C08}.Debug|iPhoneSimulator.ActiveCfg = Debug|iPhoneSimulator
		{147C0DB0-6B7A-47F5-B408-353693938C08}.Debug|iPhoneSimulator.Build.0 = Debug|iPhoneSimulator
		{147C0DB0-6B7A-47F5-B408-353693938C08}.Debug|iPhoneSimulator.Deploy.0 = Debug|iPhoneSimulator
		{147C0DB0-6B7A-47F5-B408-353693938C08}.Release|Any CPU.ActiveCfg = Release|iPhoneSimulator
		{147C0DB0-6B7A-47F5-B408-353693938C08}.Release|Any CPU.Build.0 = Release|iPhoneSimulator
		{147C0DB0-6B7A-47F5-B408-353693938C08}.Release|Any CPU.Deploy.0 = Release|iPhoneSimulator
		{147C0DB0-6B7A-47F5-B408-353693938C08}.Release|iPhone.ActiveCfg = Release|iPhone
		{147C0DB0-6B7A-47F5-B408-353693938C08}.Release|iPhone.Build.0 = Release|iPhone
		{147C0DB0-6B7A-47F5-B408-353693938C08}.Release|iPhone.Deploy.0 = Release|iPhone
		{147C0DB0-6B7A-47F5-B408-353693938C08}.Release|iPhoneSimulator.ActiveCfg = Release|iPhoneSimulator
		{147C0DB0-6B7A-47F5-B408-353693938C08}.Release|iPhoneSimulator.Build.0 = Release|iPhoneSimulator
		{147C0DB0-6B7A-47F5-B408-353693938C08}.Release|iPhoneSimulator.Deploy.0 = Release|iPhoneSimulator
		{544BDC35-1EE8-48B4-A910-598DBB7D1C26}.Debug|Any CPU.ActiveCfg = Debug|Any CPU
		{544BDC35-1EE8-48B4-A910-598DBB7D1C26}.Debug|Any CPU.Build.0 = Debug|Any CPU
		{544BDC35-1EE8-48B4-A910-598DBB7D1C26}.Debug|Any CPU.Deploy.0 = Debug|Any CPU
		{544BDC35-1EE8-48B4-A910-598DBB7D1C26}.Debug|iPhone.ActiveCfg = Debug|Any CPU
		{544BDC35-1EE8-48B4-A910-598DBB7D1C26}.Debug|iPhone.Build.0 = Debug|Any CPU
		{544BDC35-1EE8-48B4-A910-598DBB7D1C26}.Debug|iPhone.Deploy.0 = Debug|Any CPU
		{544BDC35-1EE8-48B4-A910-598DBB7D1C26}.Debug|iPhoneSimulator.ActiveCfg = Debug|Any CPU
		{544BDC35-1EE8-48B4-A910-598DBB7D1C26}.Debug|iPhoneSimulator.Build.0 = Debug|Any CPU
		{544BDC35-1EE8-48B4-A910-598DBB7D1C26}.Debug|iPhoneSimulator.Deploy.0 = Debug|Any CPU
		{544BDC35-1EE8-48B4-A910-598DBB7D1C26}.Release|Any CPU.ActiveCfg = Release|Any CPU
		{544BDC35-1EE8-48B4-A910-598DBB7D1C26}.Release|Any CPU.Build.0 = Release|Any CPU
		{544BDC35-1EE8-48B4-A910-598DBB7D1C26}.Release|Any CPU.Deploy.0 = Release|Any CPU
		{544BDC35-1EE8-48B4-A910-598DBB7D1C26}.Release|iPhone.ActiveCfg = Release|Any CPU
		{544BDC35-1EE8-48B4-A910-598DBB7D1C26}.Release|iPhone.Build.0 = Release|Any CPU
		{544BDC35-1EE8-48B4-A910-598DBB7D1C26}.Release|iPhone.Deploy.0 = Release|Any CPU
		{544BDC35-1EE8-48B4-A910-598DBB7D1C26}.Release|iPhoneSimulator.ActiveCfg = Release|Any CPU
		{544BDC35-1EE8-48B4-A910-598DBB7D1C26}.Release|iPhoneSimulator.Build.0 = Release|Any CPU
		{544BDC35-1EE8-48B4-A910-598DBB7D1C26}.Release|iPhoneSimulator.Deploy.0 = Release|Any CPU
	EndGlobalSection
	GlobalSection(SolutionProperties) = preSolution
		HideSolutionNode = FALSE
	EndGlobalSection
	GlobalSection(ExtensibilityGlobals) = postSolution
		SolutionGuid = {4698B929-33D5-4461-A71E-FAA295AFB557}
	EndGlobalSection
EndGlobal
